{
  "name": "TESTVR",
  "version": "1.0.0",
  "lockfileVersion": 1,
  "requires": true,
  "dependencies": {
    "abab": {
      "version": "2.0.4",
      "resolved": "https://registry.npmjs.org/abab/-/abab-2.0.4.tgz",
      "integrity": "sha512-Eu9ELJWCz/c1e9gTiCY+FceWxcqzjYEbqMgtndnuSqZSUCOL73TWNK2mHfIj4Cw2E/ongOp+JISVNCmovt2KYQ=="
    },
    "threejs-miniprogram": {
      "version": "0.0.5",
      "resolved": "https://registry.npmjs.org/threejs-miniprogram/-/threejs-miniprogram-0.0.5.tgz",
      "integrity": "sha512-u5m7QkfRCEzzKIi02jNKsk5Da/r8myfVCfJSiGmE40oZnJiNqb7Oi/2+tlaK/gbrBnVTtvKmfU5WevEcJA2UGw==",
      "requires": {
        "abab": "^2.0.3"
      }
    }
  }
}
